
Microsoft Visual Studio Solution File, Format Version 12.00
# Visual Studio Version 16
VisualStudioVersion = 16.0.31105.61
MinimumVisualStudioVersion = 10.0.40219.1
Project("{FAE04EC0-301F-11D3-BF4B-00C04F79EFBC}") = "OS_GroupProjectPhase1", "OS_GroupProjectPhase1\OS_GroupProjectPhase1.csproj", "{AA8F5F36-F32B-4324-B4D6-68474C9DA3DD}"
EndProject
Global
	GlobalSection(SolutionConfigurationPlatforms) = preSolution
		Debug|Any CPU = Debug|Any CPU
		Release|Any CPU = Release|Any CPU
	EndGlobalSection
	GlobalSection(ProjectConfigurationPlatforms) = postSolution
		{AA8F5F36-F32B-4324-B4D6-68474C9DA3DD}.Debug|Any CPU.ActiveCfg = Debug|Any CPU
		{AA8F5F36-F32B-4324-B4D6-68474C9DA3DD}.Debug|Any CPU.Build.0 = Debug|Any CPU
		{AA8F5F36-F32B-4324-B4D6-68474C9DA3DD}.Release|Any CPU.ActiveCfg = Release|Any CPU
		{AA8F5F36-F32B-4324-B4D6-68474C9DA3DD}.Release|Any CPU.Build.0 = Release|Any CPU
	EndGlobalSection
	GlobalSection(SolutionProperties) = preSolution
		HideSolutionNode = FALSE
	EndGlobalSection
	GlobalSection(ExtensibilityGlobals) = postSolution
		SolutionGuid = {1CBC1E29-FB98-42DE-8E11-EA4E651B1DD3}
	EndGlobalSection
EndGlobal
